
Microsoft Visual Studio Solution File, Format Version 12.00
# Visual Studio Version 17
VisualStudioVersion = 17.4.33103.184
MinimumVisualStudioVersion = 10.0.40219.1
Project("{9A19103F-16F7-4668-BE54-9A1E7A4F7556}") = "Iris.Domain", "Iris.Domain\Iris.Domain.csproj", "{9E8805C3-5D32-4406-AB3C-C3C3B87B56D2}"
EndProject
Project("{9A19103F-16F7-4668-BE54-9A1E7A4F7556}") = "Iris.Api", "Iris.Api\Iris.Api.csproj", "{AF4A1851-A664-4292-A42D-97C19AFE84A9}"
EndProject
Project("{9A19103F-16F7-4668-BE54-9A1E7A4F7556}") = "Iris.Infraestructure", "Iris.Infraestructure\Iris.Infraestructure.csproj", "{2E0A90BA-5857-4C90-970A-30D4614523EB}"
EndProject
Project("{9A19103F-16F7-4668-BE54-9A1E7A4F7556}") = "Iris.Test", "Iris.Test\Iris.Test.csproj", "{D3D470D8-7079-4820-AAC7-FB01EB2F2BA0}"
EndProject
Global
	GlobalSection(SolutionConfigurationPlatforms) = preSolution
		Debug|Any CPU = Debug|Any CPU
		Release|Any CPU = Release|Any CPU
	EndGlobalSection
	GlobalSection(ProjectConfigurationPlatforms) = postSolution
		{9E8805C3-5D32-4406-AB3C-C3C3B87B56D2}.Debug|Any CPU.ActiveCfg = Debug|Any CPU
		{9E8805C3-5D32-4406-AB3C-C3C3B87B56D2}.Debug|Any CPU.Build.0 = Debug|Any CPU
		{9E8805C3-5D32-4406-AB3C-C3C3B87B56D2}.Release|Any CPU.ActiveCfg = Release|Any CPU
		{9E8805C3-5D32-4406-AB3C-C3C3B87B56D2}.Release|Any CPU.Build.0 = Release|Any CPU
		{AF4A1851-A664-4292-A42D-97C19AFE84A9}.Debug|Any CPU.ActiveCfg = Debug|Any CPU
		{AF4A1851-A664-4292-A42D-97C19AFE84A9}.Debug|Any CPU.Build.0 = Debug|Any CPU
		{AF4A1851-A664-4292-A42D-97C19AFE84A9}.Release|Any CPU.ActiveCfg = Release|Any CPU
		{AF4A1851-A664-4292-A42D-97C19AFE84A9}.Release|Any CPU.Build.0 = Release|Any CPU
		{2E0A90BA-5857-4C90-970A-30D4614523EB}.Debug|Any CPU.ActiveCfg = Debug|Any CPU
		{2E0A90BA-5857-4C90-970A-30D4614523EB}.Debug|Any CPU.Build.0 = Debug|Any CPU
		{2E0A90BA-5857-4C90-970A-30D4614523EB}.Release|Any CPU.ActiveCfg = Release|Any CPU
		{2E0A90BA-5857-4C90-970A-30D4614523EB}.Release|Any CPU.Build.0 = Release|Any CPU
		{D3D470D8-7079-4820-AAC7-FB01EB2F2BA0}.Debug|Any CPU.ActiveCfg = Debug|Any CPU
		{D3D470D8-7079-4820-AAC7-FB01EB2F2BA0}.Debug|Any CPU.Build.0 = Debug|Any CPU
		{D3D470D8-7079-4820-AAC7-FB01EB2F2BA0}.Release|Any CPU.ActiveCfg = Release|Any CPU
		{D3D470D8-7079-4820-AAC7-FB01EB2F2BA0}.Release|Any CPU.Build.0 = Release|Any CPU
	EndGlobalSection
	GlobalSection(SolutionProperties) = preSolution
		HideSolutionNode = FALSE
	EndGlobalSection
	GlobalSection(ExtensibilityGlobals) = postSolution
		SolutionGuid = {9344075B-CD4A-4032-A36B-DD27708EE8CE}
	EndGlobalSection
EndGlobal
